
Microsoft Visual Studio Solution File, Format Version 12.00
# Visual Studio 14
VisualStudioVersion = 14.0.23107.0
MinimumVisualStudioVersion = 10.0.40219.1
Project("{FAE04EC0-301F-11D3-BF4B-00C04F79EFBC}") = "Application.API", "Application.API\Application.API.csproj", "{1865B6FD-C407-4D10-87E9-BA1FC25B17BA}"
EndProject
Project("{2150E333-8FDC-42A3-9474-1A3956D46DE8}") = "Libraries", "Libraries", "{43B8A45A-DFEA-4004-A7F4-ECB59AF91320}"
EndProject
Project("{FAE04EC0-301F-11D3-BF4B-00C04F79EFBC}") = "Application.Core", "Application.Core\Application.Core.csproj", "{C86096F9-DB67-4AC4-BE94-A62C21E1CE99}"
EndProject
Project("{FAE04EC0-301F-11D3-BF4B-00C04F79EFBC}") = "Application.Data", "Application.Data\Application.Data.csproj", "{0B78D3C9-F7CD-464E-95E8-8B8ABBF56824}"
EndProject
Global
	GlobalSection(SolutionConfigurationPlatforms) = preSolution
		Debug|Any CPU = Debug|Any CPU
		Release|Any CPU = Release|Any CPU
	EndGlobalSection
	GlobalSection(ProjectConfigurationPlatforms) = postSolution
		{1865B6FD-C407-4D10-87E9-BA1FC25B17BA}.Debug|Any CPU.ActiveCfg = Debug|Any CPU
		{1865B6FD-C407-4D10-87E9-BA1FC25B17BA}.Debug|Any CPU.Build.0 = Debug|Any CPU
		{1865B6FD-C407-4D10-87E9-BA1FC25B17BA}.Release|Any CPU.ActiveCfg = Release|Any CPU
		{1865B6FD-C407-4D10-87E9-BA1FC25B17BA}.Release|Any CPU.Build.0 = Release|Any CPU
		{C86096F9-DB67-4AC4-BE94-A62C21E1CE99}.Debug|Any CPU.ActiveCfg = Debug|Any CPU
		{C86096F9-DB67-4AC4-BE94-A62C21E1CE99}.Debug|Any CPU.Build.0 = Debug|Any CPU
		{C86096F9-DB67-4AC4-BE94-A62C21E1CE99}.Release|Any CPU.ActiveCfg = Release|Any CPU
		{C86096F9-DB67-4AC4-BE94-A62C21E1CE99}.Release|Any CPU.Build.0 = Release|Any CPU
		{0B78D3C9-F7CD-464E-95E8-8B8ABBF56824}.Debug|Any CPU.ActiveCfg = Debug|Any CPU
		{0B78D3C9-F7CD-464E-95E8-8B8ABBF56824}.Debug|Any CPU.Build.0 = Debug|Any CPU
		{0B78D3C9-F7CD-464E-95E8-8B8ABBF56824}.Release|Any CPU.ActiveCfg = Release|Any CPU
		{0B78D3C9-F7CD-464E-95E8-8B8ABBF56824}.Release|Any CPU.Build.0 = Release|Any CPU
	EndGlobalSection
	GlobalSection(SolutionProperties) = preSolution
		HideSolutionNode = FALSE
	EndGlobalSection
	GlobalSection(NestedProjects) = preSolution
		{C86096F9-DB67-4AC4-BE94-A62C21E1CE99} = {43B8A45A-DFEA-4004-A7F4-ECB59AF91320}
		{0B78D3C9-F7CD-464E-95E8-8B8ABBF56824} = {43B8A45A-DFEA-4004-A7F4-ECB59AF91320}
	EndGlobalSection
EndGlobal
